
Microsoft Visual Studio Solution File, Format Version 12.00
Project("{FAE04EC0-301F-11D3-BF4B-00C04F79EFBC}") = "Phase05", "Phase05\Phase05.csproj", "{FD811BE2-22BB-4D7D-88E0-696C1EB30B9C}"
EndProject
Project("{FAE04EC0-301F-11D3-BF4B-00C04F79EFBC}") = "TestProject1", "TestProject1\TestProject1.csproj", "{D924B055-4BFF-4CAD-ADF7-D657F6C4D167}"
EndProject
Global
	GlobalSection(SolutionConfigurationPlatforms) = preSolution
		Debug|Any CPU = Debug|Any CPU
		Release|Any CPU = Release|Any CPU
	EndGlobalSection
	GlobalSection(ProjectConfigurationPlatforms) = postSolution
		{FD811BE2-22BB-4D7D-88E0-696C1EB30B9C}.Debug|Any CPU.ActiveCfg = Debug|Any CPU
		{FD811BE2-22BB-4D7D-88E0-696C1EB30B9C}.Debug|Any CPU.Build.0 = Debug|Any CPU
		{FD811BE2-22BB-4D7D-88E0-696C1EB30B9C}.Release|Any CPU.ActiveCfg = Release|Any CPU
		{FD811BE2-22BB-4D7D-88E0-696C1EB30B9C}.Release|Any CPU.Build.0 = Release|Any CPU
		{D924B055-4BFF-4CAD-ADF7-D657F6C4D167}.Debug|Any CPU.ActiveCfg = Debug|Any CPU
		{D924B055-4BFF-4CAD-ADF7-D657F6C4D167}.Debug|Any CPU.Build.0 = Debug|Any CPU
		{D924B055-4BFF-4CAD-ADF7-D657F6C4D167}.Release|Any CPU.ActiveCfg = Release|Any CPU
		{D924B055-4BFF-4CAD-ADF7-D657F6C4D167}.Release|Any CPU.Build.0 = Release|Any CPU
	EndGlobalSection
EndGlobal
