
Microsoft Visual Studio Solution File, Format Version 12.00
Project("{FAE04EC0-301F-11D3-BF4B-00C04F79EFBC}") = "Phase11", "Phase11\Phase11.csproj", "{84B54827-BBC6-4D9D-8ED7-EBBD918B8D8F}"
EndProject
Project("{FAE04EC0-301F-11D3-BF4B-00C04F79EFBC}") = "TestProject1", "TestProject1\TestProject1.csproj", "{71B54858-D051-4F9A-91D3-9431E15AFB59}"
EndProject
Project("{FAE04EC0-301F-11D3-BF4B-00C04F79EFBC}") = "WebApplication", "WebApplication\WebApplication.csproj", "{F65FAC45-1211-4829-862C-729A3A0A2B92}"
EndProject
Global
	GlobalSection(SolutionConfigurationPlatforms) = preSolution
		Debug|Any CPU = Debug|Any CPU
		Release|Any CPU = Release|Any CPU
	EndGlobalSection
	GlobalSection(ProjectConfigurationPlatforms) = postSolution
		{84B54827-BBC6-4D9D-8ED7-EBBD918B8D8F}.Debug|Any CPU.ActiveCfg = Debug|Any CPU
		{84B54827-BBC6-4D9D-8ED7-EBBD918B8D8F}.Debug|Any CPU.Build.0 = Debug|Any CPU
		{84B54827-BBC6-4D9D-8ED7-EBBD918B8D8F}.Release|Any CPU.ActiveCfg = Release|Any CPU
		{84B54827-BBC6-4D9D-8ED7-EBBD918B8D8F}.Release|Any CPU.Build.0 = Release|Any CPU
		{71B54858-D051-4F9A-91D3-9431E15AFB59}.Debug|Any CPU.ActiveCfg = Debug|Any CPU
		{71B54858-D051-4F9A-91D3-9431E15AFB59}.Debug|Any CPU.Build.0 = Debug|Any CPU
		{71B54858-D051-4F9A-91D3-9431E15AFB59}.Release|Any CPU.ActiveCfg = Release|Any CPU
		{71B54858-D051-4F9A-91D3-9431E15AFB59}.Release|Any CPU.Build.0 = Release|Any CPU
		{F65FAC45-1211-4829-862C-729A3A0A2B92}.Debug|Any CPU.ActiveCfg = Debug|Any CPU
		{F65FAC45-1211-4829-862C-729A3A0A2B92}.Debug|Any CPU.Build.0 = Debug|Any CPU
		{F65FAC45-1211-4829-862C-729A3A0A2B92}.Release|Any CPU.ActiveCfg = Release|Any CPU
		{F65FAC45-1211-4829-862C-729A3A0A2B92}.Release|Any CPU.Build.0 = Release|Any CPU
	EndGlobalSection
EndGlobal
